lockfileVersion: '9.0'

settings:
  autoInstallPeers: true
  excludeLinksFromLockfile: false

importers:

  .:
    dependencies:
      node-usb:
        specifier: ^0.0.1
        version: 0.0.1
      usb:
        specifier: ^2.16.0
        version: 2.16.0

packages:

  '@types/w3c-web-usb@1.0.10':
    resolution: {integrity: sha512-CHgUI5kTc/QLMP8hODUHhge0D4vx+9UiAwIGiT0sTy/B2XpdX1U5rJt6JSISgr6ikRT7vxV9EVAFeYZqUnl1gQ==}

  node-addon-api@8.5.0:
    resolution: {integrity: sha512-/bRZty2mXUIFY/xU5HLvveNHlswNJej+RnxBjOMkidWfwZzgTbPG1E3K5TOxRLOR+5hX7bSofy8yf1hZevMS8A==}
    engines: {node: ^18 || ^20 || >= 21}

  node-gyp-build@4.8.4:
    resolution: {integrity: sha512-LA4ZjwlnUblHVgq0oBF3Jl/6h/Nvs5fzBLwdEF4nuxnFdsfajde4WfxtJr3CaiH+F6ewcIB/q4jQ4UzPyid+CQ==}
    hasBin: true

  node-usb@0.0.1:
    resolution: {integrity: sha512-NhYxl34Pxb7h55nCrPEVWl0wuaUQXCZ1P4Pbjx+yTDFTlf3ve+srn9bR4bi9eDoz78svwO/dmPWAUkb7KeXERA==}

  usb@2.16.0:
    resolution: {integrity: sha512-jD88fvzDViMDH5KmmNJgzMBDj/95bDTt6+kBNaNxP4G98xUTnDMiLUY2CYmToba6JAFhM9VkcaQuxCNRLGR7zg==}
    engines: {node: '>=12.22.0 <13.0 || >=14.17.0'}

snapshots:

  '@types/w3c-web-usb@1.0.10': {}

  node-addon-api@8.5.0: {}

  node-gyp-build@4.8.4: {}

  node-usb@0.0.1: {}

  usb@2.16.0:
    dependencies:
      '@types/w3c-web-usb': 1.0.10
      node-addon-api: 8.5.0
      node-gyp-build: 4.8.4
